github.com/caarlos0/env/v11 v11.3.1 h1:cArPWC15hWmEt+gWk7YBi7lEXTXCvpaSdCiZE2X5mCA=
github.com/caarlos0/env/v11 v11.3.1/go.mod h1:qupehSf/Y0TUTsxKywqRt/vJjN5nz6vauiYEUUr8P4U=
github.com/ncruces/go-sqlite3 v0.22.0 h1:FkGSBhd0TY6e66k1LVhyEpA+RnG/8QkQNed5pjIk4cs=
github.com/ncruces/go-sqlite3 v0.22.0/go.mod h1:ueXOZXYZS2OFQirCU3mHneDwJm5fGKHrtccYBeGEV7M=
github.com/ncruces/julianday v1.0.0 h1:fH0OKwa7NWvniGQtxdJRxAgkBMolni2BjDHaWTxqt7M=
github.com/ncruces/julianday v1.0.0/go.mod h1:Dusn2KvZrrovOMJuOt0TNXL6tB7U2E8kvza5fFc9G7g=
github.com/sauerbraten/cubecode v0.0.0-20191118162217-05ee938b0ef7 h1:h+fQ/0uSCBvyaWxtti/lXz/ogRhy72FgR0vjmt1vHlQ=
github.com/sauerbraten/cubecode v0.0.0-20191118162217-05ee938b0ef7/go.mod h1:+ca4JN7nsdIzdbtZN+Y7mjt/2J97orSq+Wxkkdn4Fpg=
github.com/sauerbraten/extinfo v0.0.0-20250119141946-75a05061d3d3 h1:QQAiK/m9YjAaPChBv0uGrvgeToZIkr0gfZDp7RckVAo=
github.com/sauerbraten/extinfo v0.0.0-20250119141946-75a05061d3d3/go.mod h1:XHlJGWp1c5K8QS++uVYpUZbW/rj12vjrqbAL5pEjyGU=
github.com/tetratelabs/wazero v1.8.2 h1:yIgLR/b2bN31bjxwXHD8a3d+BogigR952csSDdLYEv4=
github.com/tetratelabs/wazero v1.8.2/go.mod h1:yAI0XTsMBhREkM/YDAK/zNou3GoiAce1P6+rp/wQhjs=
golang.org/x/sys v0.29.0 h1:TPYlXGxvx1MGTn2GiZDhnjPA9wZzZeGKHHmKhHYvgaU=
golang.org/x/sys v0.29.0/go.mod h1:/VUhepiaJMQUp4+oa/7Zr1D23ma6VTLIYjOOTFZPUcA=
golang.org/x/text v0.21.0 h1:zyQAAkrwaneQ066sspRyJaG9VNi/YJ1NfzcGB3hZ/qo=
golang.org/x/text v0.21.0/go.mod h1:4IBbMaMmOPCJ8SecivzSH54+73PCFmPWxNTLm+vZkEQ=
